
Microsoft Visual Studio Solution File, Format Version 12.00
# Visual Studio Version 17
VisualStudioVersion = 17.5.002.0
MinimumVisualStudioVersion = 10.0.40219.1
Project("{9A19103F-16F7-4668-BE54-9A1E7A4F7556}") = "Exo.WebApi", "Exo.WebApi.csproj", "{AD2089CB-4914-4E81-B2EE-FBB259D51994}"
EndProject
Global
	GlobalSection(SolutionConfigurationPlatforms) = preSolution
		Debug|Any CPU = Debug|Any CPU
		Release|Any CPU = Release|Any CPU
	EndGlobalSection
	GlobalSection(ProjectConfigurationPlatforms) = postSolution
		{AD2089CB-4914-4E81-B2EE-FBB259D51994}.Debug|Any CPU.ActiveCfg = Debug|Any CPU
		{AD2089CB-4914-4E81-B2EE-FBB259D51994}.Debug|Any CPU.Build.0 = Debug|Any CPU
		{AD2089CB-4914-4E81-B2EE-FBB259D51994}.Release|Any CPU.ActiveCfg = Release|Any CPU
		{AD2089CB-4914-4E81-B2EE-FBB259D51994}.Release|Any CPU.Build.0 = Release|Any CPU
	EndGlobalSection
	GlobalSection(SolutionProperties) = preSolution
		HideSolutionNode = FALSE
	EndGlobalSection
	GlobalSection(ExtensibilityGlobals) = postSolution
		SolutionGuid = {157BA659-93A7-482D-BF1B-A8CC8EA0CF5D}
	EndGlobalSection
EndGlobal
